// !$*UTF8*$!
{
	archiveVersion = 1;
	classes = {
	};
	objectVersion = 48;
	objects = {

/* Begin PBXBuildFile section */
		6BEE5E9B2011B7BA0001070F /* AppDelegate.swift in Sources */ = {isa = PBXBuildFile; fileRef = 6BEE5E9A2011B7BA0001070F /* AppDelegate.swift */; };
		6BEE5E9D2011B7BA0001070F /* ViewController.swift in Sources */ = {isa = PBXBuildFile; fileRef = 6BEE5E9C2011B7BA0001070F /* ViewController.swift */; };
		6BEE5EA02011B7BA0001070F /* Main.storyboard in Resources */ = {isa = PBXBuildFile; fileRef = 6BEE5E9E2011B7BA0001070F /* Main.storyboard */; };
		6BEE5EA22011B7BA0001070F /* Assets.xcassets in Resources */ = {isa = PBXBuildFile; fileRef = 6BEE5EA12011B7BA0001070F /* Assets.xcassets */; };
		6BEE5EA52011B7BA0001070F /* LaunchScreen.storyboard in Resources */ = {isa = PBXBuildFile; fileRef = 6BEE5EA32011B7BA0001070F /* LaunchScreen.storyboard */; };
		6BEE5EB02011B7BA0001070F /* CalculatorTests.swift in Sources */ = {isa = PBXBuildFile; fileRef = 6BEE5EAF2011B7BA0001070F /* CalculatorTests.swift */; };
		6BEE5EBB2011B7BA0001070F /* CalculatorUITests.swift in Sources */ = {isa = PBXBuildFile; fileRef = 6BEE5EBA2011B7BA0001070F /* CalculatorUITests.swift */; };
/* End PBXBuildFile section */

/* Begin PBXContainerItemProxy section */
		6BEE5EAC2011B7BA0001070F /* PBXContainerItemProxy */ = {
			isa = PBXContainerItemProxy;
			containerPortal = 6BEE5E8F2011B7BA0001070F /* Project object */;
			proxyType = 1;
			remoteGlobalIDString = 6BEE5E962011B7BA0001070F;
			remoteInfo = Calculator;
		};
		6BEE5EB72011B7BA0001070F /* PBXContainerItemProxy */ = {
			isa = PBXContainerItemProxy;
			containerPortal = 6BEE5E8F2011B7BA0001070F /* Project object */;
			proxyType = 1;
			remoteGlobalIDString = 6BEE5E962011B7BA0001070F;
			remoteInfo = Calculator;
		};
/* End PBXContainerItemProxy section */

/* Begin PBXFileReference section */
		6BEE5E972011B7BA0001070F /* Calculator.app */ = {isa = PBXFileReference; explicitFileType = wrapper.application; includeInIndex = 0; path = Calculator.app; sourceTree = BUILT_PRODUCTS_DIR; };
		6BEE5E9A2011B7BA0001070F /* AppDelegate.swift */ = {isa = PBXFileReference; lastKnownFileType = sourcecode.swift; path = AppDelegate.swift; sourceTree = "<group>"; };
		6BEE5E9C2011B7BA0001070F /* ViewController.swift */ = {isa = PBXFileReference; lastKnownFileType = sourcecode.swift; path = ViewController.swift; sourceTree = "<group>"; };
		6BEE5E9F2011B7BA0001070F /* Base */ = {isa = PBXFileReference; lastKnownFileType = file.storyboard; name = Base; path = Base.lproj/Main.storyboard; sourceTree = "<group>"; };
		6BEE5EA12011B7BA0001070F /* Assets.xcassets */ = {isa = PBXFileReference; lastKnownFileType = folder.assetcatalog; path = Assets.xcassets; sourceTree = "<group>"; };
		6BEE5EA42011B7BA0001070F /* Base */ = {isa = PBXFileReference; lastKnownFileType = file.storyboard; name = Base; path = Base.lproj/LaunchScreen.storyboard; sourceTree = "<group>"; };
		6BEE5EA62011B7BA0001070F /* Info.plist */ = {isa = PBXFileReference; lastKnownFileType = text.plist.xml; path = Info.plist; sourceTree = "<group>"; };
		6BEE5EAB2011B7BA0001070F /* CalculatorTests.xctest */ = {isa = PBXFileReference; explicitFileType = wrapper.cfbundle; includeInIndex = 0; path = CalculatorTests.xctest; sourceTree = BUILT_PRODUCTS_DIR; };
		6BEE5EAF2011B7BA0001070F /* CalculatorTests.swift */ = {isa = PBXFileReference; lastKnownFileType = sourcecode.swift; path = CalculatorTests.swift; sourceTree = "<group>"; };
		6BEE5EB12011B7BA0001070F /* Info.plist */ = {isa = PBXFileReference; lastKnownFileType = text.plist.xml; path = Info.plist; sourceTree = "<group>"; };
		6BEE5EB62011B7BA0001070F /* CalculatorUITests.xctest */ = {isa = PBXFileReference; explicitFileType = wrapper.cfbundle; includeInIndex = 0; path = CalculatorUITests.xctest; sourceTree = BUILT_PRODUCTS_DIR; };
		6BEE5EBA2011B7BA0001070F /* CalculatorUITests.swift */ = {isa = PBXFileReference; lastKnownFileType = sourcecode.swift; path = CalculatorUITests.swift; sourceTree = "<group>"; };
		6BEE5EBC2011B7BA0001070F /* Info.plist */ = {isa = PBXFileReference; lastKnownFileType = text.plist.xml; path = Info.plist; sourceTree = "<group>"; };
/* End PBXFileReference section */

/* Begin PBXFrameworksBuildPhase section */
		6BEE5E942011B7BA0001070F /* Frameworks */ = {
			isa = PBXFrameworksBuildPhase;
			buildActionMask = 2147483647;
			files = (
			);
			runOnlyForDeploymentPostprocessing = 0;
		};
		6BEE5EA82011B7BA0001070F /* Frameworks */ = {
			isa = PBXFrameworksBuildPhase;
			buildActionMask = 2147483647;
			files = (
			);
			runOnlyForDeploymentPostprocessing = 0;
		};
		6BEE5EB32011B7BA0001070F /* Frameworks */ = {
			isa = PBXFrameworksBuildPhase;
			buildActionMask = 2147483647;
			files = (
			);
			runOnlyForDeploymentPostprocessing = 0;
		};
/* End PBXFrameworksBuildPhase section */

/* Begin PBXGroup section */
		6BEE5E8E2011B7B90001070F = {
			isa = PBXGroup;
			children = (
				6BEE5E992011B7BA0001070F /* Calculator */,
				6BEE5EAE2011B7BA0001070F /* CalculatorTests */,
				6BEE5EB92011B7BA0001070F /* CalculatorUITests */,
				6BEE5E982011B7BA0001070F /* Products */,
			);
			sourceTree = "<group>";
		};
		6BEE5E982011B7BA0001070F /* Products */ = {
			isa = PBXGroup;
			children = (
				6BEE5E972011B7BA0001070F /* Calculator.app */,
				6BEE5EAB2011B7BA0001070F /* CalculatorTests.xctest */,
				6BEE5EB62011B7BA0001070F /* CalculatorUITests.xctest */,
			);
			name = Products;
			sourceTree = "<group>";
		};
		6BEE5E992011B7BA0001070F /* Calculator */ = {
			isa = PBXGroup;
			children = (
				6BEE5E9A2011B7BA0001070F /* AppDelegate.swift */,
				6BEE5E9C2011B7BA0001070F /* ViewController.swift */,
				6BEE5E9E2011B7BA0001070F /* Main.storyboard */,
				6BEE5EA12011B7BA0001070F /* Assets.xcassets */,
				6BEE5EA32011B7BA0001070F /* LaunchScreen.storyboard */,
				6BEE5EA62011B7BA0001070F /* Info.plist */,
			);
			path = Calculator;
			sourceTree = "<group>";
		};
		6BEE5EAE2011B7BA0001070F /* CalculatorTests */ = {
			isa = PBXGroup;
			children = (
				6BEE5EAF2011B7BA0001070F /* CalculatorTests.swift */,
				6BEE5EB12011B7BA0001070F /* Info.plist */,
			);
			path = CalculatorTests;
			sourceTree = "<group>";
		};
		6BEE5EB92011B7BA0001070F /* CalculatorUITests */ = {
			isa = PBXGroup;
			children = (
				6BEE5EBA2011B7BA0001070F /* CalculatorUITests.swift */,
				6BEE5EBC2011B7BA0001070F /* Info.plist */,
			);
			path = CalculatorUITests;
			sourceTree = "<group>";
		};
/* End PBXGroup section */

/* Begin PBXNativeTarget section */
		6BEE5E962011B7BA0001070F /* Calculator */ = {
			isa = PBXNativeTarget;
			buildConfigurationList = 6BEE5EBF2011B7BA0001070F /* Build configuration list for PBXNativeTarget "Calculator" */;
			buildPhases = (
				6BEE5E932011B7BA0001070F /* Sources */,
				6BEE5E942011B7BA0001070F /* Frameworks */,
				6BEE5E952011B7BA0001070F /* Resources */,
			);
			buildRules = (
			);
			dependencies = (
			);
			name = Calculator;
			productName = Calculator;
			productReference = 6BEE5E972011B7BA0001070F /* Calculator.app */;
			productType = "com.apple.product-type.application";
		};
		6BEE5EAA2011B7BA0001070F /* CalculatorTests */ = {
			isa = PBXNativeTarget;
			buildConfigurationList = 6BEE5EC22011B7BA0001070F /* Build configuration list for PBXNativeTarget "CalculatorTests" */;
			buildPhases = (
				6BEE5EA72011B7BA0001070F /* Sources */,
				6BEE5EA82011B7BA0001070F /* Frameworks */,
				6BEE5EA92011B7BA0001070F /* Resources */,
			);
			buildRules = (
			);
			dependencies = (
				6BEE5EAD2011B7BA0001070F /* PBXTargetDependency */,
			);
			name = CalculatorTests;
			productName = CalculatorTests;
			productReference = 6BEE5EAB2011B7BA0001070F /* CalculatorTests.xctest */;
			productType = "com.apple.product-type.bundle.unit-test";
		};
		6BEE5EB52011B7BA0001070F /* CalculatorUITests */ = {
			isa = PBXNativeTarget;
			buildConfigurationList = 6BEE5EC52011B7BA0001070F /* Build configuration list for PBXNativeTarget "CalculatorUITests" */;
			buildPhases = (
				6BEE5EB22011B7BA0001070F /* Sources */,
				6BEE5EB32011B7BA0001070F /* Frameworks */,
				6BEE5EB42011B7BA0001070F /* Resources */,
			);
			buildRules = (
			);
			dependencies = (
				6BEE5EB82011B7BA0001070F /* PBXTargetDependency */,
			);
			name = CalculatorUITests;
			productName = CalculatorUITests;
			productReference = 6BEE5EB62011B7BA0001070F /* CalculatorUITests.xctest */;
			productType = "com.apple.product-type.bundle.ui-testing";
		};
/* End PBXNativeTarget section */

/* Begin PBXProject section */
		6BEE5E8F2011B7BA0001070F /* Project object */ = {
			isa = PBXProject;
			attributes = {
				LastSwiftUpdateCheck = 0920;
				LastUpgradeCheck = 0920;
				ORGANIZATIONNAME = "唐铭良";
				TargetAttributes = {
					6BEE5E962011B7BA0001070F = {
						CreatedOnToolsVersion = 9.2;
						ProvisioningStyle = Automatic;
					};
					6BEE5EAA2011B7BA0001070F = {
						CreatedOnToolsVersion = 9.2;
						ProvisioningStyle = Automatic;
						TestTargetID = 6BEE5E962011B7BA0001070F;
					};
					6BEE5EB52011B7BA0001070F = {
						CreatedOnToolsVersion = 9.2;
						ProvisioningStyle = Automatic;
						TestTargetID = 6BEE5E962011B7BA0001070F;
					};
				};
			};
			buildConfigurationList = 6BEE5E922011B7BA0001070F /* Build configuration list for PBXProject "Calculator" */;
			compatibilityVersion = "Xcode 8.0";
			developmentRegion = en;
			hasScannedForEncodings = 0;
			knownRegions = (
				en,
				Base,
			);
			mainGroup = 6BEE5E8E2011B7B90001070F;
			productRefGroup = 6BEE5E982011B7BA0001070F /* Products */;
			projectDirPath = "";
			projectRoot = "";
			targets = (
				6BEE5E962011B7BA0001070F /* Calculator */,
				6BEE5EAA2011B7BA0001070F /* CalculatorTests */,
				6BEE5EB52011B7BA0001070F /* CalculatorUITests */,
			);
		};
/* End PBXProject section */

/* Begin PBXResourcesBuildPhase section */
		6BEE5E952011B7BA0001070F /* Resources */ = {
			isa = PBXResourcesBuildPhase;
			buildActionMask = 2147483647;
			files = (
				6BEE5EA52011B7BA0001070F /* LaunchScreen.storyboard in Resources */,
				6BEE5EA22011B7BA0001070F /* Assets.xcassets in Resources */,
				6BEE5EA02011B7BA0001070F /* Main.storyboard in Resources */,
			);
			runOnlyForDeploymentPostprocessing = 0;
		};
		6BEE5EA92011B7BA0001070F /* Resources */ = {
			isa = PBXResourcesBuildPhase;
			buildActionMask = 2147483647;
			files = (
			);
			runOnlyForDeploymentPostprocessing = 0;
		};
		6BEE5EB42011B7BA0001070F /* Resources */ = {
			isa = PBXResourcesBuildPhase;
			buildActionMask = 2147483647;
			files = (
			);
			runOnlyForDeploymentPostprocessing = 0;
		};
/* End PBXResourcesBuildPhase section */

/* Begin PBXSourcesBuildPhase section */
		6BEE5E932011B7BA0001070F /* Sources */ = {
			isa = PBXSourcesBuildPhase;
			buildActionMask = 2147483647;
			files = (
				6BEE5E9D2011B7BA0001070F /* ViewController.swift in Sources */,
				6BEE5E9B2011B7BA0001070F /* AppDelegate.swift in Sources */,
			);
			runOnlyForDeploymentPostprocessing = 0;
		};
		6BEE5EA72011B7BA0001070F /* Sources */ = {
			isa = PBXSourcesBuildPhase;
			buildActionMask = 2147483647;
			files = (
				6BEE5EB02011B7BA0001070F /* CalculatorTests.swift in Sources */,
			);
			runOnlyForDeploymentPostprocessing = 0;
		};
		6BEE5EB22011B7BA0001070F /* Sources */ = {
			isa = PBXSourcesBuildPhase;
			buildActionMask = 2147483647;
			files = (
				6BEE5EBB2011B7BA0001070F /* CalculatorUITests.swift in Sources */,
			);
			runOnlyForDeploymentPostprocessing = 0;
		};
/* End PBXSourcesBuildPhase section */

/* Begin PBXTargetDependency section */
		6BEE5EAD2011B7BA0001070F /* PBXTargetDependency */ = {
			isa = PBXTargetDependency;
			target = 6BEE5E962011B7BA0001070F /* Calculator */;
			targetProxy = 6BEE5EAC2011B7BA0001070F /* PBXContainerItemProxy */;
		};
		6BEE5EB82011B7BA0001070F /* PBXTargetDependency */ = {
			isa = PBXTargetDependency;
			target = 6BEE5E962011B7BA0001070F /* Calculator */;
			targetProxy = 6BEE5EB72011B7BA0001070F /* PBXContainerItemProxy */;
		};
/* End PBXTargetDependency section */

/* Begin PBXVariantGroup section */
		6BEE5E9E2011B7BA0001070F /* Main.storyboard */ = {
			isa = PBXVariantGroup;
			children = (
				6BEE5E9F2011B7BA0001070F /* Base */,
			);
			name = Main.storyboard;
			sourceTree = "<group>";
		};
		6BEE5EA32011B7BA0001070F /* LaunchScreen.storyboard */ = {
			isa = PBXVariantGroup;
			children = (
				6BEE5EA42011B7BA0001070F /* Base */,
			);
			name = LaunchScreen.storyboard;
			sourceTree = "<group>";
		};
/* End PBXVariantGroup section */

/* Begin XCBuildConfiguration section */
		6BEE5EBD2011B7BA0001070F /* Debug */ = {
			isa = XCBuildConfiguration;
			buildSettings = {
				ALWAYS_SEARCH_USER_PATHS = NO;
				CLANG_ANALYZER_NONNULL = YES;
				CLANG_ANALYZER_NUMBER_OBJECT_CONVERSION = YES_AGGRESSIVE;
				CLANG_CXX_LANGUAGE_STANDARD = "gnu++14";
				CLANG_CXX_LIBRARY = "libc++";
				CLANG_ENABLE_MODULES = YES;
				CLANG_ENABLE_OBJC_ARC = YES;
				CLANG_WARN_BLOCK_CAPTURE_AUTORELEASING = YES;
				CLANG_WARN_BOOL_CONVERSION = YES;
				CLANG_WARN_COMMA = YES;
				CLANG_WARN_CONSTANT_CONVERSION = YES;
				CLANG_WARN_DIRECT_OBJC_ISA_USAGE = YES_ERROR;
				CLANG_WARN_DOCUMENTATION_COMMENTS = YES;
				CLANG_WARN_EMPTY_BODY = YES;
				CLANG_WARN_ENUM_CONVERSION = YES;
				CLANG_WARN_INFINITE_RECURSION = YES;
				CLANG_WARN_INT_CONVERSION = YES;
				CLANG_WARN_NON_LITERAL_NULL_CONVERSION = YES;
				CLANG_WARN_OBJC_LITERAL_CONVERSION = YES;
				CLANG_WARN_OBJC_ROOT_CLASS = YES_ERROR;
				CLANG_WARN_RANGE_LOOP_ANALYSIS = YES;
				CLANG_WARN_STRICT_PROTOTYPES = YES;
				CLANG_WARN_SUSPICIOUS_MOVE = YES;
				CLANG_WARN_UNGUARDED_AVAILABILITY = YES_AGGRESSIVE;
				CLANG_WARN_UNREACHABLE_CODE = YES;
				CLANG_WARN__DUPLICATE_METHOD_MATCH = YES;
				CODE_SIGN_IDENTITY = "iPhone Developer";
				COPY_PHASE_STRIP = NO;
				DEBUG_INFORMATION_FORMAT = dwarf;
				ENABLE_STRICT_OBJC_MSGSEND = YES;
				ENABLE_TESTABILITY = YES;
				GCC_C_LANGUAGE_STANDARD = gnu11;
				GCC_DYNAMIC_NO_PIC = NO;
				GCC_NO_COMMON_BLOCKS = YES;
				GCC_OPTIMIZATION_LEVEL = 0;
				GCC_PREPROCESSOR_DEFINITIONS = (
					"DEBUG=1",
					"$(inherited)",
				);
				GCC_WARN_64_TO_32_BIT_CONVERSION = YES;
				GCC_WARN_ABOUT_RETURN_TYPE = YES_ERROR;
				GCC_WARN_UNDECLARED_SELECTOR = YES;
				GCC_WARN_UNINITIALIZED_AUTOS = YES_AGGRESSIVE;
				GCC_WARN_UNUSED_FUNCTION = YES;
				GCC_WARN_UNUSED_VARIABLE = YES;
				IPHONEOS_DEPLOYMENT_TARGET = 11.2;
				MTL_ENABLE_DEBUG_INFO = YES;
				ONLY_ACTIVE_ARCH = YES;
				SDKROOT = iphoneos;
				SWIFT_ACTIVE_COMPILATION_CONDITIONS = DEBUG;
				SWIFT_OPTIMIZATION_LEVEL = "-Onone";
			};
			name = Debug;
		};
		6BEE5EBE2011B7BA0001070F /* Release */ = {
			isa = XCBuildConfiguration;
			buildSettings = {
				ALWAYS_SEARCH_USER_PATHS = NO;
				CLANG_ANALYZER_NONNULL = YES;
				CLANG_ANALYZER_NUMBER_OBJECT_CONVERSION = YES_AGGRESSIVE;
				CLANG_CXX_LANGUAGE_STANDARD = "gnu++14";
				CLANG_CXX_LIBRARY = "libc++";
				CLANG_ENABLE_MODULES = YES;
				CLANG_ENABLE_OBJC_ARC = YES;
				CLANG_WARN_BLOCK_CAPTURE_AUTORELEASING = YES;
				CLANG_WARN_BOOL_CONVERSION = YES;
				CLANG_WARN_COMMA = YES;
				CLANG_WARN_CONSTANT_CONVERSION = YES;
				CLANG_WARN_DIRECT_OBJC_ISA_USAGE = YES_ERROR;
				CLANG_WARN_DOCUMENTATION_COMMENTS = YES;
				CLANG_WARN_EMPTY_BODY = YES;
				CLANG_WARN_ENUM_CONVERSION = YES;
				CLANG_WARN_INFINITE_RECURSION = YES;
				CLANG_WARN_INT_CONVERSION = YES;
				CLANG_WARN_NON_LITERAL_NULL_CONVERSION = YES;
				CLANG_WARN_OBJC_LITERAL_CONVERSION = YES;
				CLANG_WARN_OBJC_ROOT_CLASS = YES_ERROR;
				CLANG_WARN_RANGE_LOOP_ANALYSIS = YES;
				CLANG_WARN_STRICT_PROTOTYPES = YES;
				CLANG_WARN_SUSPICIOUS_MOVE = YES;
				CLANG_WARN_UNGUARDED_AVAILABILITY = YES_AGGRESSIVE;
				CLANG_WARN_UNREACHABLE_CODE = YES;
				CLANG_WARN__DUPLICATE_METHOD_MATCH = YES;
				CODE_SIGN_IDENTITY = "iPhone Developer";
				COPY_PHASE_STRIP = NO;
				DEBUG_INFORMATION_FORMAT = "dwarf-with-dsym";
				ENABLE_NS_ASSERTIONS = NO;
				ENABLE_STRICT_OBJC_MSGSEND = YES;
				GCC_C_LANGUAGE_STANDARD = gnu11;
				GCC_NO_COMMON_BLOCKS = YES;
				GCC_WARN_64_TO_32_BIT_CONVERSION = YES;
				GCC_WARN_ABOUT_RETURN_TYPE = YES_ERROR;
				GCC_WARN_UNDECLARED_SELECTOR = YES;
				GCC_WARN_UNINITIALIZED_AUTOS = YES_AGGRESSIVE;
				GCC_WARN_UNUSED_FUNCTION = YES;
				GCC_WARN_UNUSED_VARIABLE = YES;
				IPHONEOS_DEPLOYMENT_TARGET = 11.2;
				MTL_ENABLE_DEBUG_INFO = NO;
				SDKROOT = iphoneos;
				SWIFT_OPTIMIZATION_LEVEL = "-Owholemodule";
				VALIDATE_PRODUCT = YES;
			};
			name = Release;
		};
		6BEE5EC02011B7BA0001070F /* Debug */ = {
			isa = XCBuildConfiguration;
			buildSettings = {
				ASSETCATALOG_COMPILER_APPICON_NAME = AppIcon;
				CODE_SIGN_STYLE = Automatic;
				INFOPLIST_FILE = Calculator/Info.plist;
				LD_RUNPATH_SEARCH_PATHS = "$(inherited) @executable_path/Frameworks";
				PRODUCT_BUNDLE_IDENTIFIER = tangmingliang.Calculator;
				PRODUCT_NAME = "$(TARGET_NAME)";
				SWIFT_VERSION = 4.0;
				TARGETED_DEVICE_FAMILY = "1,2";
			};
			name = Debug;
		};
		6BEE5EC12011B7BA0001070F /* Release */ = {
			isa = XCBuildConfiguration;
			buildSettings = {
				ASSETCATALOG_COMPILER_APPICON_NAME = AppIcon;
				CODE_SIGN_STYLE = Automatic;
				INFOPLIST_FILE = Calculator/Info.plist;
				LD_RUNPATH_SEARCH_PATHS = "$(inherited) @executable_path/Frameworks";
				PRODUCT_BUNDLE_IDENTIFIER = tangmingliang.Calculator;
				PRODUCT_NAME = "$(TARGET_NAME)";
				SWIFT_VERSION = 4.0;
				TARGETED_DEVICE_FAMILY = "1,2";
			};
			name = Release;
		};
		6BEE5EC32011B7BA0001070F /* Debug */ = {
			isa = XCBuildConfiguration;
			buildSettings = {
				ALWAYS_EMBED_SWIFT_STANDARD_LIBRARIES = YES;
				BUNDLE_LOADER = "$(TEST_HOST)";
				CODE_SIGN_STYLE = Automatic;
				INFOPLIST_FILE = CalculatorTests/Info.plist;
				LD_RUNPATH_SEARCH_PATHS = "$(inherited) @executable_path/Frameworks @loader_path/Frameworks";
				PRODUCT_BUNDLE_IDENTIFIER = tangmingliang.CalculatorTests;
				PRODUCT_NAME = "$(TARGET_NAME)";
				SWIFT_VERSION = 4.0;
				TARGETED_DEVICE_FAMILY = "1,2";
				TEST_HOST = "$(BUILT_PRODUCTS_DIR)/Calculator.app/Calculator";
			};
			name = Debug;
		};
		6BEE5EC42011B7BA0001070F /* Release */ = {
			isa = XCBuildConfiguration;
			buildSettings = {
				ALWAYS_EMBED_SWIFT_STANDARD_LIBRARIES = YES;
				BUNDLE_LOADER = "$(TEST_HOST)";
				CODE_SIGN_STYLE = Automatic;
				INFOPLIST_FILE = CalculatorTests/Info.plist;
				LD_RUNPATH_SEARCH_PATHS = "$(inherited) @executable_path/Frameworks @loader_path/Frameworks";
				PRODUCT_BUNDLE_IDENTIFIER = tangmingliang.CalculatorTests;
				PRODUCT_NAME = "$(TARGET_NAME)";
				SWIFT_VERSION = 4.0;
				TARGETED_DEVICE_FAMILY = "1,2";
				TEST_HOST = "$(BUILT_PRODUCTS_DIR)/Calculator.app/Calculator";
			};
			name = Release;
		};
		6BEE5EC62011B7BA0001070F /* Debug */ = {
			isa = XCBuildConfiguration;
			buildSettings = {
				ALWAYS_EMBED_SWIFT_STANDARD_LIBRARIES = YES;
				CODE_SIGN_STYLE = Automatic;
				INFOPLIST_FILE = CalculatorUITests/Info.plist;
				LD_RUNPATH_SEARCH_PATHS = "$(inherited) @executable_path/Frameworks @loader_path/Frameworks";
				PRODUCT_BUNDLE_IDENTIFIER = tangmingliang.CalculatorUITests;
				PRODUCT_NAME = "$(TARGET_NAME)";
				SWIFT_VERSION = 4.0;
				TARGETED_DEVICE_FAMILY = "1,2";
				TEST_TARGET_NAME = Calculator;
			};
			name = Debug;
		};
		6BEE5EC72011B7BA0001070F /* Release */ = {
			isa = XCBuildConfiguration;
			buildSettings = {
				ALWAYS_EMBED_SWIFT_STANDARD_LIBRARIES = YES;
				CODE_SIGN_STYLE = Automatic;
				INFOPLIST_FILE = CalculatorUITests/Info.plist;
				LD_RUNPATH_SEARCH_PATHS = "$(inherited) @executable_path/Frameworks @loader_path/Frameworks";
				PRODUCT_BUNDLE_IDENTIFIER = tangmingliang.CalculatorUITests;
				PRODUCT_NAME = "$(TARGET_NAME)";
				SWIFT_VERSION = 4.0;
				TARGETED_DEVICE_FAMILY = "1,2";
				TEST_TARGET_NAME = Calculator;
			};
			name = Release;
		};
/* End XCBuildConfiguration section */

/* Begin XCConfigurationList section */
		6BEE5E922011B7BA0001070F /* Build configuration list for PBXProject "Calculator" */ = {
			isa = XCConfigurationList;
			buildConfigurations = (
				6BEE5EBD2011B7BA0001070F /* Debug */,
				6BEE5EBE2011B7BA0001070F /* Release */,
			);
			defaultConfigurationIsVisible = 0;
			defaultConfigurationName = Release;
		};
		6BEE5EBF2011B7BA0001070F /* Build configuration list for PBXNativeTarget "Calculator" */ = {
			isa = XCConfigurationList;
			buildConfigurations = (
				6BEE5EC02011B7BA0001070F /* Debug */,
				6BEE5EC12011B7BA0001070F /* Release */,
			);
			defaultConfigurationIsVisible = 0;
			defaultConfigurationName = Release;
		};
		6BEE5EC22011B7BA0001070F /* Build configuration list for PBXNativeTarget "CalculatorTests" */ = {
			isa = XCConfigurationList;
			buildConfigurations = (
				6BEE5EC32011B7BA0001070F /* Debug */,
				6BEE5EC42011B7BA0001070F /* Release */,
			);
			defaultConfigurationIsVisible = 0;
			defaultConfigurationName = Release;
		};
		6BEE5EC52011B7BA0001070F /* Build configuration list for PBXNativeTarget "CalculatorUITests" */ = {
			isa = XCConfigurationList;
			buildConfigurations = (
				6BEE5EC62011B7BA0001070F /* Debug */,
				6BEE5EC72011B7BA0001070F /* Release */,
			);
			defaultConfigurationIsVisible = 0;
			defaultConfigurationName = Release;
		};
/* End XCConfigurationList section */
	};
	rootObject = 6BEE5E8F2011B7BA0001070F /* Project object */;
}
